schema: '2.0'
stages:
  data_ingestion:
    cmd: python src/data_ingestion.py
    params:
      params.yaml:
        data_ingestion.test_size: 0.3
    outs:
    - path: data/raw
      hash: md5
      md5: 6c14fc5d4581715d0c084959eeff4b01.dir
      size: 479272
      nfiles: 2
  data_preprocessing:
    cmd: python src/data_preprocessing.py
    deps:
    - path: data/raw
      hash: md5
      md5: 6c14fc5d4581715d0c084959eeff4b01.dir
      size: 479272
      nfiles: 2
    - path: src/data_preprocessing.py
      hash: md5
      md5: ae979fd39693174d53653977d8d50e24
      size: 3883
    outs:
    - path: data/interim
      hash: md5
      md5: 91d80631b72bc88148c9f0c49789af70.dir
      size: 257220
      nfiles: 2
  feature_engineering:
    cmd: python src/feature_engineering.py
    deps:
    - path: data/interim
      hash: md5
      md5: 91d80631b72bc88148c9f0c49789af70.dir
      size: 257220
      nfiles: 2
    - path: src/feature_engineering.py
      hash: md5
      md5: 15740a3d71498626f2b903b269e2a237
      size: 3796
    params:
      params.yaml:
        feature_engineering.max_features: 35
    outs:
    - path: data/processed
      hash: md5
      md5: b95e30876c76352ff673213f2059f80d.dir
      size: 1182415
      nfiles: 2
  model_building:
    cmd: python src/model_building.py
    deps:
    - path: data/processed
      hash: md5
      md5: b95e30876c76352ff673213f2059f80d.dir
      size: 1182415
      nfiles: 2
    - path: src/model_building.py
      hash: md5
      md5: 17ca7834783a6b2822184e114c2d9980
      size: 4287
    params:
      params.yaml:
        model_building.n_estimators: 22
        model_building.random_state: 2
    outs:
    - path: models/model.pkl
      hash: md5
      md5: 4d792339c1281cead0ecf8349e5177c7
      size: 775879
  model_evaluation:
    cmd: python src/model_evaluation.py
    deps:
    - path: data/processed
      hash: md5
      md5: b95e30876c76352ff673213f2059f80d.dir
      size: 1182415
      nfiles: 2
    - path: models/model.pkl
      hash: md5
      md5: 4d792339c1281cead0ecf8349e5177c7
      size: 775879
    - path: src/model_evaluation.py
      hash: md5
      md5: f616b19411c03d63e384a7cdc150438b
      size: 4516
